
Microsoft Visual Studio Solution File, Format Version 12.00
# Visual Studio 15
Project("{FAE04EC0-301F-11D3-BF4B-00C04F79EFBC}") = "UnityEngine.UI", "UnityEngine.UI.csproj", "{F864418E-BB20-A490-AF21-BEBA63C94604}"
EndProject
Project("{FAE04EC0-301F-11D3-BF4B-00C04F79EFBC}") = "Assembly-CSharp", "Assembly-CSharp.csproj", "{CC590959-F37C-9163-F5BE-CE6D6EFCE90A}"
EndProject
Project("{FAE04EC0-301F-11D3-BF4B-00C04F79EFBC}") = "Unity.RenderPipelines.Core.Runtime", "Unity.RenderPipelines.Core.Runtime.csproj", "{70F5DF7A-1CBE-35DB-7797-81AE1612CA24}"
EndProject
Project("{FAE04EC0-301F-11D3-BF4B-00C04F79EFBC}") = "UnityEngine.TestRunner", "UnityEngine.TestRunner.csproj", "{1C0EE4A3-B9C3-53FD-3832-25AE3478D620}"
EndProject
Project("{FAE04EC0-301F-11D3-BF4B-00C04F79EFBC}") = "Unity.Mathematics", "Unity.Mathematics.csproj", "{A1B3C7A3-F4AF-DCE3-176B-E71C65351D6A}"
EndProject
Project("{FAE04EC0-301F-11D3-BF4B-00C04F79EFBC}") = "Unity.Services.Core.Telemetry", "Unity.Services.Core.Telemetry.csproj", "{0C21322F-5915-1354-0A4F-446ADAAF36EB}"
EndProject
Project("{FAE04EC0-301F-11D3-BF4B-00C04F79EFBC}") = "Unity.RenderPipelines.Universal.Runtime", "Unity.RenderPipelines.Universal.Runtime.csproj", "{9D81C225-BFB3-3CF3-1D4F-A8042686AA24}"
EndProject
Project("{FAE04EC0-301F-11D3-BF4B-00C04F79EFBC}") = "Unity.Services.Core.Environments.Internal", "Unity.Services.Core.Environments.Internal.csproj", "{74FB66A1-2E30-B3F3-559C-186FC6885617}"
EndProject
Project("{FAE04EC0-301F-11D3-BF4B-00C04F79EFBC}") = "Unity.Burst", "Unity.Burst.csproj", "{3691E94C-7425-7083-516F-0A5362295C2D}"
EndProject
Project("{FAE04EC0-301F-11D3-BF4B-00C04F79EFBC}") = "Unity.2D.Animation.Runtime", "Unity.2D.Animation.Runtime.csproj", "{38BD9C1C-8561-F15E-13DD-FBDD0197966A}"
EndProject
Project("{FAE04EC0-301F-11D3-BF4B-00C04F79EFBC}") = "Unity.TextMeshPro", "Unity.TextMeshPro.csproj", "{3E602487-5EDF-7518-ABAF-6AC27F6E58B5}"
EndProject
Project("{FAE04EC0-301F-11D3-BF4B-00C04F79EFBC}") = "Unity.Timeline", "Unity.Timeline.csproj", "{C2A3FECB-45AF-2831-10C4-3B9C497A9ABC}"
EndProject
Project("{FAE04EC0-301F-11D3-BF4B-00C04F79EFBC}") = "Unity.Services.Core", "Unity.Services.Core.csproj", "{7DD82DC6-FC70-A2B0-7DDC-A96C4B5BBC8F}"
EndProject
Project("{FAE04EC0-301F-11D3-BF4B-00C04F79EFBC}") = "Unity.RenderPipeline.Universal.ShaderLibrary", "Unity.RenderPipeline.Universal.ShaderLibrary.csproj", "{498A1493-47B0-9319-CE48-7C25C4CB79EF}"
EndProject
Project("{FAE04EC0-301F-11D3-BF4B-00C04F79EFBC}") = "Unity.Services.Core.Environments", "Unity.Services.Core.Environments.csproj", "{B288B195-C193-629F-7E09-C871008E23C9}"
EndProject
Project("{FAE04EC0-301F-11D3-BF4B-00C04F79EFBC}") = "Unity.Services.Core.Internal", "Unity.Services.Core.Internal.csproj", "{02FA816F-BCF3-9BF6-1CB2-62CE8C27436D}"
EndProject
Project("{FAE04EC0-301F-11D3-BF4B-00C04F79EFBC}") = "Unity.Services.Core.Analytics", "Unity.Services.Core.Analytics.csproj", "{8BF5201A-CBA8-6A46-04D7-298F67B68314}"
EndProject
Project("{FAE04EC0-301F-11D3-BF4B-00C04F79EFBC}") = "Unity.2D.SpriteShape.Runtime", "Unity.2D.SpriteShape.Runtime.csproj", "{66B3774C-0D8E-9114-2850-7A4E43DC677B}"
EndProject
Project("{FAE04EC0-301F-11D3-BF4B-00C04F79EFBC}") = "Unity.Services.Core.Scheduler", "Unity.Services.Core.Scheduler.csproj", "{0C44ABDD-6EA9-F1DD-0738-F2AAD62BAF3B}"
EndProject
Project("{FAE04EC0-301F-11D3-BF4B-00C04F79EFBC}") = "Unity.Services.Core.Registration", "Unity.Services.Core.Registration.csproj", "{85F9D5BF-BF25-4DBB-EA8E-3BFCDEEC4C62}"
EndProject
Project("{FAE04EC0-301F-11D3-BF4B-00C04F79EFBC}") = "Unity.2D.PixelPerfect", "Unity.2D.PixelPerfect.csproj", "{AD7CBEEE-95AD-4C6C-2ADC-A595A1FCFBE9}"
EndProject
Project("{FAE04EC0-301F-11D3-BF4B-00C04F79EFBC}") = "Unity.2D.Common.Runtime", "Unity.2D.Common.Runtime.csproj", "{77971E3F-5DF4-8027-C132-3C1C8150764B}"
EndProject
Project("{FAE04EC0-301F-11D3-BF4B-00C04F79EFBC}") = "Unity.2D.IK.Runtime", "Unity.2D.IK.Runtime.csproj", "{96262E90-82C4-1A94-E8DE-E705FD5B2707}"
EndProject
Project("{FAE04EC0-301F-11D3-BF4B-00C04F79EFBC}") = "Unity.Services.Core.Device", "Unity.Services.Core.Device.csproj", "{3EC0BC25-80F8-3706-B8DF-42E6EF9831EA}"
EndProject
Project("{FAE04EC0-301F-11D3-BF4B-00C04F79EFBC}") = "Unity.Services.Core.Threading", "Unity.Services.Core.Threading.csproj", "{B1EE9AF3-A8FB-6474-6F82-737B4A845104}"
EndProject
Project("{FAE04EC0-301F-11D3-BF4B-00C04F79EFBC}") = "Unity.Services.Core.Networking", "Unity.Services.Core.Networking.csproj", "{7B6F6511-0772-F0D0-20E1-D9E88633F091}"
EndProject
Project("{FAE04EC0-301F-11D3-BF4B-00C04F79EFBC}") = "Unity.RenderPipelines.Core.ShaderLibrary", "Unity.RenderPipelines.Core.ShaderLibrary.csproj", "{F117E438-10A7-3B51-1255-275AE45CCDFC}"
EndProject
Project("{FAE04EC0-301F-11D3-BF4B-00C04F79EFBC}") = "Unity.InternalAPIEngineBridge.001", "Unity.InternalAPIEngineBridge.001.csproj", "{93F6E517-CBD0-CC9E-BCA7-D43EBEB40DAA}"
EndProject
Project("{FAE04EC0-301F-11D3-BF4B-00C04F79EFBC}") = "Unity.Services.Core.Configuration", "Unity.Services.Core.Configuration.csproj", "{6CE42BF1-BC96-E569-6F21-6E3A9B58CCD3}"
EndProject
Project("{FAE04EC0-301F-11D3-BF4B-00C04F79EFBC}") = "Unity.RenderPipelines.Universal.Shaders", "Unity.RenderPipelines.Universal.Shaders.csproj", "{2AEF1F7C-2A45-8DAB-E31C-44DD8A45256E}"
EndProject
Project("{FAE04EC0-301F-11D3-BF4B-00C04F79EFBC}") = "Unity.RenderPipelines.ShaderGraph.ShaderGraphLibrary", "Unity.RenderPipelines.ShaderGraph.ShaderGraphLibrary.csproj", "{99D7F6B3-F541-F246-8DA0-45114A625518}"
EndProject
Project("{FAE04EC0-301F-11D3-BF4B-00C04F79EFBC}") = "Unity.PlasticSCM.Editor", "Unity.PlasticSCM.Editor.csproj", "{BDA51047-421B-16DC-E603-A83D6C993496}"
EndProject
Project("{FAE04EC0-301F-11D3-BF4B-00C04F79EFBC}") = "Unity.ShaderGraph.Editor", "Unity.ShaderGraph.Editor.csproj", "{B399BB97-5A5A-23BA-CEBC-CE6583B9388C}"
EndProject
Project("{FAE04EC0-301F-11D3-BF4B-00C04F79EFBC}") = "Unity.VisualStudio.Editor", "Unity.VisualStudio.Editor.csproj", "{BB9C074D-000D-16E2-D466-507E38B2AE82}"
EndProject
Project("{FAE04EC0-301F-11D3-BF4B-00C04F79EFBC}") = "Unity.Timeline.Editor", "Unity.Timeline.Editor.csproj", "{7E61FAA0-9E74-B4C2-B94B-06A90E8B3D23}"
EndProject
Project("{FAE04EC0-301F-11D3-BF4B-00C04F79EFBC}") = "Unity.RenderPipelines.Universal.Editor", "Unity.RenderPipelines.Universal.Editor.csproj", "{FA9232C3-847C-1EE6-76DE-CB7C1987D216}"
EndProject
Project("{FAE04EC0-301F-11D3-BF4B-00C04F79EFBC}") = "Unity.TextMeshPro.Editor", "Unity.TextMeshPro.Editor.csproj", "{D244A914-CB91-3C00-1D77-B42AE342A52F}"
EndProject
Project("{FAE04EC0-301F-11D3-BF4B-00C04F79EFBC}") = "Unity.RenderPipelines.Core.Editor", "Unity.RenderPipelines.Core.Editor.csproj", "{D4B3D01E-1E6A-F5CB-31A9-CFAA303CFDB0}"
EndProject
Project("{FAE04EC0-301F-11D3-BF4B-00C04F79EFBC}") = "Unity.2D.Animation.Editor", "Unity.2D.Animation.Editor.csproj", "{42CFD375-6355-DF7E-601D-0D5F3014758D}"
EndProject
Project("{FAE04EC0-301F-11D3-BF4B-00C04F79EFBC}") = "Unity.CollabProxy.Editor", "Unity.CollabProxy.Editor.csproj", "{0AC4AF92-A768-DFC1-20C7-A40CF17C2616}"
EndProject
Project("{FAE04EC0-301F-11D3-BF4B-00C04F79EFBC}") = "UnityEditor.TestRunner", "UnityEditor.TestRunner.csproj", "{CA43DCEB-AF0D-0A70-92D0-1C93B24DF1AB}"
EndProject
Project("{FAE04EC0-301F-11D3-BF4B-00C04F79EFBC}") = "Unity.2D.Tilemap.Editor", "Unity.2D.Tilemap.Editor.csproj", "{4F7ED17F-9229-342F-7384-2BE02B544706}"
EndProject
Project("{FAE04EC0-301F-11D3-BF4B-00C04F79EFBC}") = "Unity.Services.Core.Editor", "Unity.Services.Core.Editor.csproj", "{EB9489A6-EF0D-EE9E-E5CE-08D1FD6C873C}"
EndProject
Project("{FAE04EC0-301F-11D3-BF4B-00C04F79EFBC}") = "Unity.Rider.Editor", "Unity.Rider.Editor.csproj", "{E988F606-6902-A799-5278-AC2569B32A25}"
EndProject
Project("{FAE04EC0-301F-11D3-BF4B-00C04F79EFBC}") = "Unity.2D.Path.Editor", "Unity.2D.Path.Editor.csproj", "{317A8986-7174-4D23-C2FF-D94D426CD3B4}"
EndProject
Project("{FAE04EC0-301F-11D3-BF4B-00C04F79EFBC}") = "PsdPlugin", "PsdPlugin.csproj", "{3E487C37-120B-0AC8-8341-6E38BE6339E5}"
EndProject
Project("{FAE04EC0-301F-11D3-BF4B-00C04F79EFBC}") = "Unity.Searcher.Editor", "Unity.Searcher.Editor.csproj", "{243B0B15-EABA-D1F8-5B2A-8FB591156861}"
EndProject
Project("{FAE04EC0-301F-11D3-BF4B-00C04F79EFBC}") = "Unity.2D.IK.Editor", "Unity.2D.IK.Editor.csproj", "{923BD611-605A-7F49-C1E6-BD184070052C}"
EndProject
Project("{FAE04EC0-301F-11D3-BF4B-00C04F79EFBC}") = "Unity.2D.Psdimporter.Editor", "Unity.2D.Psdimporter.Editor.csproj", "{A9AC8EF3-8AE0-5998-BF04-BC57CB25CBC2}"
EndProject
Project("{FAE04EC0-301F-11D3-BF4B-00C04F79EFBC}") = "Unity.2D.SpriteShape.Editor", "Unity.2D.SpriteShape.Editor.csproj", "{A53AEA8B-707C-1B3E-8267-AC5D5E8E71AF}"
EndProject
Project("{FAE04EC0-301F-11D3-BF4B-00C04F79EFBC}") = "Unity.Burst.CodeGen", "Unity.Burst.CodeGen.csproj", "{DCA002A9-F099-E50C-C140-AC10D3C87D1C}"
EndProject
Project("{FAE04EC0-301F-11D3-BF4B-00C04F79EFBC}") = "Unity.2D.PixelPerfect.Editor", "Unity.2D.PixelPerfect.Editor.csproj", "{73A1F029-5078-800D-7E02-C8389960E4FC}"
EndProject
Project("{FAE04EC0-301F-11D3-BF4B-00C04F79EFBC}") = "Unity.VSCode.Editor", "Unity.VSCode.Editor.csproj", "{CEEE10A7-8794-D644-C71A-C5092A871AD8}"
EndProject
Project("{FAE04EC0-301F-11D3-BF4B-00C04F79EFBC}") = "Unity.2D.Sprite.Editor", "Unity.2D.Sprite.Editor.csproj", "{C66E7430-41BA-D532-4CDC-943312144922}"
EndProject
Project("{FAE04EC0-301F-11D3-BF4B-00C04F79EFBC}") = "UnityEditor.UI", "UnityEditor.UI.csproj", "{ED3A1161-0269-9F85-C2AE-85B619F5E8DF}"
EndProject
Project("{FAE04EC0-301F-11D3-BF4B-00C04F79EFBC}") = "PPv2URPConverters", "PPv2URPConverters.csproj", "{CF88DD47-D08D-7CE1-3316-D707A9BCAFED}"
EndProject
Project("{FAE04EC0-301F-11D3-BF4B-00C04F79EFBC}") = "Unity.2D.Common.Editor", "Unity.2D.Common.Editor.csproj", "{C6050A6B-33E8-A3A6-08BB-7D25AE7782BF}"
EndProject
Project("{FAE04EC0-301F-11D3-BF4B-00C04F79EFBC}") = "Unity.Mathematics.Editor", "Unity.Mathematics.Editor.csproj", "{24672424-B99F-3B47-AA2D-3D901DA039E6}"
EndProject
Project("{FAE04EC0-301F-11D3-BF4B-00C04F79EFBC}") = "Unity.Services.Core.Configuration.Editor", "Unity.Services.Core.Configuration.Editor.csproj", "{2423313A-8E56-A7A4-DC3A-DDF9242D81E1}"
EndProject
Project("{FAE04EC0-301F-11D3-BF4B-00C04F79EFBC}") = "Unity.Burst.Editor", "Unity.Burst.Editor.csproj", "{3AC40A83-AD67-B728-08BD-14B605504DCA}"
EndProject
Project("{FAE04EC0-301F-11D3-BF4B-00C04F79EFBC}") = "Unity.InternalAPIEditorBridge.001", "Unity.InternalAPIEditorBridge.001.csproj", "{D816E961-493C-9DDE-1F53-21AEF9833968}"
EndProject
Project("{FAE04EC0-301F-11D3-BF4B-00C04F79EFBC}") = "Unity.ShaderGraph.Utilities", "Unity.ShaderGraph.Utilities.csproj", "{6C0EF100-911B-A8A1-4870-C91C5F62BB79}"
EndProject
Project("{FAE04EC0-301F-11D3-BF4B-00C04F79EFBC}") = "UnityEngine.UI", "UnityEngine.UI.Player.csproj", "{9AF45AB6-F3CF-3A6D-D541-9F17F8F94942}"
EndProject
Project("{FAE04EC0-301F-11D3-BF4B-00C04F79EFBC}") = "Assembly-CSharp", "Assembly-CSharp.Player.csproj", "{3B0207AD-0869-5630-560A-C1A9CBC27956}"
EndProject
Project("{FAE04EC0-301F-11D3-BF4B-00C04F79EFBC}") = "Unity.RenderPipelines.Core.Runtime", "Unity.RenderPipelines.Core.Runtime.Player.csproj", "{83620464-9C78-356D-2969-098A50B9A1B1}"
EndProject
Project("{FAE04EC0-301F-11D3-BF4B-00C04F79EFBC}") = "UnityEngine.TestRunner", "UnityEngine.TestRunner.Player.csproj", "{F4E858B9-A240-083A-B15D-FE155D3EF6B9}"
EndProject
Project("{FAE04EC0-301F-11D3-BF4B-00C04F79EFBC}") = "Unity.Mathematics", "Unity.Mathematics.Player.csproj", "{37D4B480-F382-68EB-1562-57456C711A56}"
EndProject
Project("{FAE04EC0-301F-11D3-BF4B-00C04F79EFBC}") = "Unity.Services.Core.Telemetry", "Unity.Services.Core.Telemetry.Player.csproj", "{CE3C6F6C-6595-8355-A43C-7362B8483BAD}"
EndProject
Project("{FAE04EC0-301F-11D3-BF4B-00C04F79EFBC}") = "Unity.RenderPipelines.Universal.Runtime", "Unity.RenderPipelines.Universal.Runtime.Player.csproj", "{54FC0BD6-FB04-4289-FCCD-6F4A2F2E4923}"
EndProject
Project("{FAE04EC0-301F-11D3-BF4B-00C04F79EFBC}") = "Unity.Services.Core.Environments.Internal", "Unity.Services.Core.Environments.Internal.Player.csproj", "{3F2FFC12-BE0C-443F-465E-433194F465EB}"
EndProject
Project("{FAE04EC0-301F-11D3-BF4B-00C04F79EFBC}") = "Unity.Burst", "Unity.Burst.Player.csproj", "{56D22FB7-D738-7D01-2246-B30D2B20496B}"
EndProject
Project("{FAE04EC0-301F-11D3-BF4B-00C04F79EFBC}") = "Unity.2D.Animation.Runtime", "Unity.2D.Animation.Runtime.Player.csproj", "{2740CA56-20CC-6E44-7EA5-6C09B6F88AE5}"
EndProject
Project("{FAE04EC0-301F-11D3-BF4B-00C04F79EFBC}") = "Unity.TextMeshPro", "Unity.TextMeshPro.Player.csproj", "{444EF5BB-6E50-356F-71B1-1291401F4CC5}"
EndProject
Project("{FAE04EC0-301F-11D3-BF4B-00C04F79EFBC}") = "Unity.Timeline", "Unity.Timeline.Player.csproj", "{67495689-C793-9D35-4A50-1FDE62792BDA}"
EndProject
Project("{FAE04EC0-301F-11D3-BF4B-00C04F79EFBC}") = "Unity.Services.Core", "Unity.Services.Core.Player.csproj", "{39441192-23D8-720E-69EC-FC27CC3B8DF9}"
EndProject
Project("{FAE04EC0-301F-11D3-BF4B-00C04F79EFBC}") = "Unity.RenderPipeline.Universal.ShaderLibrary", "Unity.RenderPipeline.Universal.ShaderLibrary.Player.csproj", "{DD5CD8F6-64E2-5634-5BFB-AE34775DCCFD}"
EndProject
Project("{FAE04EC0-301F-11D3-BF4B-00C04F79EFBC}") = "Unity.Services.Core.Environments", "Unity.Services.Core.Environments.Player.csproj", "{8956A6F0-B156-B4E9-02D7-AFD02221D43A}"
EndProject
Project("{FAE04EC0-301F-11D3-BF4B-00C04F79EFBC}") = "Unity.Services.Core.Internal", "Unity.Services.Core.Internal.Player.csproj", "{33CE48AB-FD35-F8B0-99C0-C69C889FD6C8}"
EndProject
Project("{FAE04EC0-301F-11D3-BF4B-00C04F79EFBC}") = "Unity.Services.Core.Analytics", "Unity.Services.Core.Analytics.Player.csproj", "{050D7C00-A266-BF4A-3CDB-101F6B48D0DF}"
EndProject
Project("{FAE04EC0-301F-11D3-BF4B-00C04F79EFBC}") = "Unity.2D.SpriteShape.Runtime", "Unity.2D.SpriteShape.Runtime.Player.csproj", "{EBB74C93-A09E-717B-89D9-FC41D5E5699A}"
EndProject
Project("{FAE04EC0-301F-11D3-BF4B-00C04F79EFBC}") = "Unity.Services.Core.Scheduler", "Unity.Services.Core.Scheduler.Player.csproj", "{A115C28A-8FBF-E88B-9356-900C601F7E75}"
EndProject
Project("{FAE04EC0-301F-11D3-BF4B-00C04F79EFBC}") = "Unity.Services.Core.Registration", "Unity.Services.Core.Registration.Player.csproj", "{BF6EFC4D-74ED-D025-0719-5713BA535621}"
EndProject
Project("{FAE04EC0-301F-11D3-BF4B-00C04F79EFBC}") = "Unity.2D.PixelPerfect", "Unity.2D.PixelPerfect.Player.csproj", "{02D46DB0-FA0B-A056-C8A4-A2F9327FF509}"
EndProject
Project("{FAE04EC0-301F-11D3-BF4B-00C04F79EFBC}") = "Unity.2D.Common.Runtime", "Unity.2D.Common.Runtime.Player.csproj", "{B2E7F05C-C814-6D95-6AA6-49138595C783}"
EndProject
Project("{FAE04EC0-301F-11D3-BF4B-00C04F79EFBC}") = "Unity.2D.IK.Runtime", "Unity.2D.IK.Runtime.Player.csproj", "{379EB994-AB9C-1D8C-2D44-EF58F0E3B869}"
EndProject
Project("{FAE04EC0-301F-11D3-BF4B-00C04F79EFBC}") = "Unity.Services.Core.Device", "Unity.Services.Core.Device.Player.csproj", "{ECFEDF71-63BD-7429-4F24-9FD691DB50CD}"
EndProject
Project("{FAE04EC0-301F-11D3-BF4B-00C04F79EFBC}") = "Unity.Services.Core.Threading", "Unity.Services.Core.Threading.Player.csproj", "{1E85B23C-FCE0-C403-9B12-B1D4F5179F44}"
EndProject
Project("{FAE04EC0-301F-11D3-BF4B-00C04F79EFBC}") = "Unity.Services.Core.Networking", "Unity.Services.Core.Networking.Player.csproj", "{2E20BA9A-344E-969D-376B-C4E31B06BA4C}"
EndProject
Project("{FAE04EC0-301F-11D3-BF4B-00C04F79EFBC}") = "Unity.RenderPipelines.Core.ShaderLibrary", "Unity.RenderPipelines.Core.ShaderLibrary.Player.csproj", "{A70709CB-63F9-00F2-2AB0-183924DB02A2}"
EndProject
Project("{FAE04EC0-301F-11D3-BF4B-00C04F79EFBC}") = "Unity.InternalAPIEngineBridge.001", "Unity.InternalAPIEngineBridge.001.Player.csproj", "{D0618CAE-48E6-8E4B-F462-C3465A3144AB}"
EndProject
Project("{FAE04EC0-301F-11D3-BF4B-00C04F79EFBC}") = "Unity.Services.Core.Configuration", "Unity.Services.Core.Configuration.Player.csproj", "{9215F62F-68E8-2A64-9E68-F555CE29F2C2}"
EndProject
Project("{FAE04EC0-301F-11D3-BF4B-00C04F79EFBC}") = "Unity.RenderPipelines.Universal.Shaders", "Unity.RenderPipelines.Universal.Shaders.Player.csproj", "{6F646812-8A1D-2B21-AC88-0289BA10834D}"
EndProject
Project("{FAE04EC0-301F-11D3-BF4B-00C04F79EFBC}") = "Unity.RenderPipelines.ShaderGraph.ShaderGraphLibrary", "Unity.RenderPipelines.ShaderGraph.ShaderGraphLibrary.Player.csproj", "{E1500815-957C-8E3A-7CB2-B5A800FF0698}"
EndProject
Global
	GlobalSection(SolutionConfigurationPlatforms) = preSolution
		Debug|Any CPU = Debug|Any CPU
		Release|Any CPU = Release|Any CPU
	EndGlobalSection
	GlobalSection(ProjectConfigurationPlatforms) = postSolution
		{F864418E-BB20-A490-AF21-BEBA63C94604}.Debug|Any CPU.ActiveCfg = Debug|Any CPU
		{F864418E-BB20-A490-AF21-BEBA63C94604}.Debug|Any CPU.Build.0 = Debug|Any CPU
		{F864418E-BB20-A490-AF21-BEBA63C94604}.Release|Any CPU.ActiveCfg = Release|Any CPU
		{F864418E-BB20-A490-AF21-BEBA63C94604}.Release|Any CPU.Build.0 = Release|Any CPU
		{CC590959-F37C-9163-F5BE-CE6D6EFCE90A}.Debug|Any CPU.ActiveCfg = Debug|Any CPU
		{CC590959-F37C-9163-F5BE-CE6D6EFCE90A}.Debug|Any CPU.Build.0 = Debug|Any CPU
		{CC590959-F37C-9163-F5BE-CE6D6EFCE90A}.Release|Any CPU.ActiveCfg = Release|Any CPU
		{CC590959-F37C-9163-F5BE-CE6D6EFCE90A}.Release|Any CPU.Build.0 = Release|Any CPU
		{70F5DF7A-1CBE-35DB-7797-81AE1612CA24}.Debug|Any CPU.ActiveCfg = Debug|Any CPU
		{70F5DF7A-1CBE-35DB-7797-81AE1612CA24}.Debug|Any CPU.Build.0 = Debug|Any CPU
		{70F5DF7A-1CBE-35DB-7797-81AE1612CA24}.Release|Any CPU.ActiveCfg = Release|Any CPU
		{70F5DF7A-1CBE-35DB-7797-81AE1612CA24}.Release|Any CPU.Build.0 = Release|Any CPU
		{1C0EE4A3-B9C3-53FD-3832-25AE3478D620}.Debug|Any CPU.ActiveCfg = Debug|Any CPU
		{1C0EE4A3-B9C3-53FD-3832-25AE3478D620}.Debug|Any CPU.Build.0 = Debug|Any CPU
		{1C0EE4A3-B9C3-53FD-3832-25AE3478D620}.Release|Any CPU.ActiveCfg = Release|Any CPU
		{1C0EE4A3-B9C3-53FD-3832-25AE3478D620}.Release|Any CPU.Build.0 = Release|Any CPU
		{A1B3C7A3-F4AF-DCE3-176B-E71C65351D6A}.Debug|Any CPU.ActiveCfg = Debug|Any CPU
		{A1B3C7A3-F4AF-DCE3-176B-E71C65351D6A}.Debug|Any CPU.Build.0 = Debug|Any CPU
		{A1B3C7A3-F4AF-DCE3-176B-E71C65351D6A}.Release|Any CPU.ActiveCfg = Release|Any CPU
		{A1B3C7A3-F4AF-DCE3-176B-E71C65351D6A}.Release|Any CPU.Build.0 = Release|Any CPU
		{0C21322F-5915-1354-0A4F-446ADAAF36EB}.Debug|Any CPU.ActiveCfg = Debug|Any CPU
		{0C21322F-5915-1354-0A4F-446ADAAF36EB}.Debug|Any CPU.Build.0 = Debug|Any CPU
		{0C21322F-5915-1354-0A4F-446ADAAF36EB}.Release|Any CPU.ActiveCfg = Release|Any CPU
		{0C21322F-5915-1354-0A4F-446ADAAF36EB}.Release|Any CPU.Build.0 = Release|Any CPU
		{9D81C225-BFB3-3CF3-1D4F-A8042686AA24}.Debug|Any CPU.ActiveCfg = Debug|Any CPU
		{9D81C225-BFB3-3CF3-1D4F-A8042686AA24}.Debug|Any CPU.Build.0 = Debug|Any CPU
		{9D81C225-BFB3-3CF3-1D4F-A8042686AA24}.Release|Any CPU.ActiveCfg = Release|Any CPU
		{9D81C225-BFB3-3CF3-1D4F-A8042686AA24}.Release|Any CPU.Build.0 = Release|Any CPU
		{74FB66A1-2E30-B3F3-559C-186FC6885617}.Debug|Any CPU.ActiveCfg = Debug|Any CPU
		{74FB66A1-2E30-B3F3-559C-186FC6885617}.Debug|Any CPU.Build.0 = Debug|Any CPU
		{74FB66A1-2E30-B3F3-559C-186FC6885617}.Release|Any CPU.ActiveCfg = Release|Any CPU
		{74FB66A1-2E30-B3F3-559C-186FC6885617}.Release|Any CPU.Build.0 = Release|Any CPU
		{3691E94C-7425-7083-516F-0A5362295C2D}.Debug|Any CPU.ActiveCfg = Debug|Any CPU
		{3691E94C-7425-7083-516F-0A5362295C2D}.Debug|Any CPU.Build.0 = Debug|Any CPU
		{3691E94C-7425-7083-516F-0A5362295C2D}.Release|Any CPU.ActiveCfg = Release|Any CPU
		{3691E94C-7425-7083-516F-0A5362295C2D}.Release|Any CPU.Build.0 = Release|Any CPU
		{38BD9C1C-8561-F15E-13DD-FBDD0197966A}.Debug|Any CPU.ActiveCfg = Debug|Any CPU
		{38BD9C1C-8561-F15E-13DD-FBDD0197966A}.Debug|Any CPU.Build.0 = Debug|Any CPU
		{38BD9C1C-8561-F15E-13DD-FBDD0197966A}.Release|Any CPU.ActiveCfg = Release|Any CPU
		{38BD9C1C-8561-F15E-13DD-FBDD0197966A}.Release|Any CPU.Build.0 = Release|Any CPU
		{3E602487-5EDF-7518-ABAF-6AC27F6E58B5}.Debug|Any CPU.ActiveCfg = Debug|Any CPU
		{3E602487-5EDF-7518-ABAF-6AC27F6E58B5}.Debug|Any CPU.Build.0 = Debug|Any CPU
		{3E602487-5EDF-7518-ABAF-6AC27F6E58B5}.Release|Any CPU.ActiveCfg = Release|Any CPU
		{3E602487-5EDF-7518-ABAF-6AC27F6E58B5}.Release|Any CPU.Build.0 = Release|Any CPU
		{C2A3FECB-45AF-2831-10C4-3B9C497A9ABC}.Debug|Any CPU.ActiveCfg = Debug|Any CPU
		{C2A3FECB-45AF-2831-10C4-3B9C497A9ABC}.Debug|Any CPU.Build.0 = Debug|Any CPU
		{C2A3FECB-45AF-2831-10C4-3B9C497A9ABC}.Release|Any CPU.ActiveCfg = Release|Any CPU
		{C2A3FECB-45AF-2831-10C4-3B9C497A9ABC}.Release|Any CPU.Build.0 = Release|Any CPU
		{7DD82DC6-FC70-A2B0-7DDC-A96C4B5BBC8F}.Debug|Any CPU.ActiveCfg = Debug|Any CPU
		{7DD82DC6-FC70-A2B0-7DDC-A96C4B5BBC8F}.Debug|Any CPU.Build.0 = Debug|Any CPU
		{7DD82DC6-FC70-A2B0-7DDC-A96C4B5BBC8F}.Release|Any CPU.ActiveCfg = Release|Any CPU
		{7DD82DC6-FC70-A2B0-7DDC-A96C4B5BBC8F}.Release|Any CPU.Build.0 = Release|Any CPU
		{498A1493-47B0-9319-CE48-7C25C4CB79EF}.Debug|Any CPU.ActiveCfg = Debug|Any CPU
		{498A1493-47B0-9319-CE48-7C25C4CB79EF}.Debug|Any CPU.Build.0 = Debug|Any CPU
		{498A1493-47B0-9319-CE48-7C25C4CB79EF}.Release|Any CPU.ActiveCfg = Release|Any CPU
		{498A1493-47B0-9319-CE48-7C25C4CB79EF}.Release|Any CPU.Build.0 = Release|Any CPU
		{B288B195-C193-629F-7E09-C871008E23C9}.Debug|Any CPU.ActiveCfg = Debug|Any CPU
		{B288B195-C193-629F-7E09-C871008E23C9}.Debug|Any CPU.Build.0 = Debug|Any CPU
		{B288B195-C193-629F-7E09-C871008E23C9}.Release|Any CPU.ActiveCfg = Release|Any CPU
		{B288B195-C193-629F-7E09-C871008E23C9}.Release|Any CPU.Build.0 = Release|Any CPU
		{02FA816F-BCF3-9BF6-1CB2-62CE8C27436D}.Debug|Any CPU.ActiveCfg = Debug|Any CPU
		{02FA816F-BCF3-9BF6-1CB2-62CE8C27436D}.Debug|Any CPU.Build.0 = Debug|Any CPU
		{02FA816F-BCF3-9BF6-1CB2-62CE8C27436D}.Release|Any CPU.ActiveCfg = Release|Any CPU
		{02FA816F-BCF3-9BF6-1CB2-62CE8C27436D}.Release|Any CPU.Build.0 = Release|Any CPU
		{8BF5201A-CBA8-6A46-04D7-298F67B68314}.Debug|Any CPU.ActiveCfg = Debug|Any CPU
		{8BF5201A-CBA8-6A46-04D7-298F67B68314}.Debug|Any CPU.Build.0 = Debug|Any CPU
		{8BF5201A-CBA8-6A46-04D7-298F67B68314}.Release|Any CPU.ActiveCfg = Release|Any CPU
		{8BF5201A-CBA8-6A46-04D7-298F67B68314}.Release|Any CPU.Build.0 = Release|Any CPU
		{66B3774C-0D8E-9114-2850-7A4E43DC677B}.Debug|Any CPU.ActiveCfg = Debug|Any CPU
		{66B3774C-0D8E-9114-2850-7A4E43DC677B}.Debug|Any CPU.Build.0 = Debug|Any CPU
		{66B3774C-0D8E-9114-2850-7A4E43DC677B}.Release|Any CPU.ActiveCfg = Release|Any CPU
		{66B3774C-0D8E-9114-2850-7A4E43DC677B}.Release|Any CPU.Build.0 = Release|Any CPU
		{0C44ABDD-6EA9-F1DD-0738-F2AAD62BAF3B}.Debug|Any CPU.ActiveCfg = Debug|Any CPU
		{0C44ABDD-6EA9-F1DD-0738-F2AAD62BAF3B}.Debug|Any CPU.Build.0 = Debug|Any CPU
		{0C44ABDD-6EA9-F1DD-0738-F2AAD62BAF3B}.Release|Any CPU.ActiveCfg = Release|Any CPU
		{0C44ABDD-6EA9-F1DD-0738-F2AAD62BAF3B}.Release|Any CPU.Build.0 = Release|Any CPU
		{85F9D5BF-BF25-4DBB-EA8E-3BFCDEEC4C62}.Debug|Any CPU.ActiveCfg = Debug|Any CPU
		{85F9D5BF-BF25-4DBB-EA8E-3BFCDEEC4C62}.Debug|Any CPU.Build.0 = Debug|Any CPU
		{85F9D5BF-BF25-4DBB-EA8E-3BFCDEEC4C62}.Release|Any CPU.ActiveCfg = Release|Any CPU
		{85F9D5BF-BF25-4DBB-EA8E-3BFCDEEC4C62}.Release|Any CPU.Build.0 = Release|Any CPU
		{AD7CBEEE-95AD-4C6C-2ADC-A595A1FCFBE9}.Debug|Any CPU.ActiveCfg = Debug|Any CPU
		{AD7CBEEE-95AD-4C6C-2ADC-A595A1FCFBE9}.Debug|Any CPU.Build.0 = Debug|Any CPU
		{AD7CBEEE-95AD-4C6C-2ADC-A595A1FCFBE9}.Release|Any CPU.ActiveCfg = Release|Any CPU
		{AD7CBEEE-95AD-4C6C-2ADC-A595A1FCFBE9}.Release|Any CPU.Build.0 = Release|Any CPU
		{77971E3F-5DF4-8027-C132-3C1C8150764B}.Debug|Any CPU.ActiveCfg = Debug|Any CPU
		{77971E3F-5DF4-8027-C132-3C1C8150764B}.Debug|Any CPU.Build.0 = Debug|Any CPU
		{77971E3F-5DF4-8027-C132-3C1C8150764B}.Release|Any CPU.ActiveCfg = Release|Any CPU
		{77971E3F-5DF4-8027-C132-3C1C8150764B}.Release|Any CPU.Build.0 = Release|Any CPU
		{96262E90-82C4-1A94-E8DE-E705FD5B2707}.Debug|Any CPU.ActiveCfg = Debug|Any CPU
		{96262E90-82C4-1A94-E8DE-E705FD5B2707}.Debug|Any CPU.Build.0 = Debug|Any CPU
		{96262E90-82C4-1A94-E8DE-E705FD5B2707}.Release|Any CPU.ActiveCfg = Release|Any CPU
		{96262E90-82C4-1A94-E8DE-E705FD5B2707}.Release|Any CPU.Build.0 = Release|Any CPU
		{3EC0BC25-80F8-3706-B8DF-42E6EF9831EA}.Debug|Any CPU.ActiveCfg = Debug|Any CPU
		{3EC0BC25-80F8-3706-B8DF-42E6EF9831EA}.Debug|Any CPU.Build.0 = Debug|Any CPU
		{3EC0BC25-80F8-3706-B8DF-42E6EF9831EA}.Release|Any CPU.ActiveCfg = Release|Any CPU
		{3EC0BC25-80F8-3706-B8DF-42E6EF9831EA}.Release|Any CPU.Build.0 = Release|Any CPU
		{B1EE9AF3-A8FB-6474-6F82-737B4A845104}.Debug|Any CPU.ActiveCfg = Debug|Any CPU
		{B1EE9AF3-A8FB-6474-6F82-737B4A845104}.Debug|Any CPU.Build.0 = Debug|Any CPU
		{B1EE9AF3-A8FB-6474-6F82-737B4A845104}.Release|Any CPU.ActiveCfg = Release|Any CPU
		{B1EE9AF3-A8FB-6474-6F82-737B4A845104}.Release|Any CPU.Build.0 = Release|Any CPU
		{7B6F6511-0772-F0D0-20E1-D9E88633F091}.Debug|Any CPU.ActiveCfg = Debug|Any CPU
		{7B6F6511-0772-F0D0-20E1-D9E88633F091}.Debug|Any CPU.Build.0 = Debug|Any CPU
		{7B6F6511-0772-F0D0-20E1-D9E88633F091}.Release|Any CPU.ActiveCfg = Release|Any CPU
		{7B6F6511-0772-F0D0-20E1-D9E88633F091}.Release|Any CPU.Build.0 = Release|Any CPU
		{F117E438-10A7-3B51-1255-275AE45CCDFC}.Debug|Any CPU.ActiveCfg = Debug|Any CPU
		{F117E438-10A7-3B51-1255-275AE45CCDFC}.Debug|Any CPU.Build.0 = Debug|Any CPU
		{F117E438-10A7-3B51-1255-275AE45CCDFC}.Release|Any CPU.ActiveCfg = Release|Any CPU
		{F117E438-10A7-3B51-1255-275AE45CCDFC}.Release|Any CPU.Build.0 = Release|Any CPU
		{93F6E517-CBD0-CC9E-BCA7-D43EBEB40DAA}.Debug|Any CPU.ActiveCfg = Debug|Any CPU
		{93F6E517-CBD0-CC9E-BCA7-D43EBEB40DAA}.Debug|Any CPU.Build.0 = Debug|Any CPU
		{93F6E517-CBD0-CC9E-BCA7-D43EBEB40DAA}.Release|Any CPU.ActiveCfg = Release|Any CPU
		{93F6E517-CBD0-CC9E-BCA7-D43EBEB40DAA}.Release|Any CPU.Build.0 = Release|Any CPU
		{6CE42BF1-BC96-E569-6F21-6E3A9B58CCD3}.Debug|Any CPU.ActiveCfg = Debug|Any CPU
		{6CE42BF1-BC96-E569-6F21-6E3A9B58CCD3}.Debug|Any CPU.Build.0 = Debug|Any CPU
		{6CE42BF1-BC96-E569-6F21-6E3A9B58CCD3}.Release|Any CPU.ActiveCfg = Release|Any CPU
		{6CE42BF1-BC96-E569-6F21-6E3A9B58CCD3}.Release|Any CPU.Build.0 = Release|Any CPU
		{2AEF1F7C-2A45-8DAB-E31C-44DD8A45256E}.Debug|Any CPU.ActiveCfg = Debug|Any CPU
		{2AEF1F7C-2A45-8DAB-E31C-44DD8A45256E}.Debug|Any CPU.Build.0 = Debug|Any CPU
		{2AEF1F7C-2A45-8DAB-E31C-44DD8A45256E}.Release|Any CPU.ActiveCfg = Release|Any CPU
		{2AEF1F7C-2A45-8DAB-E31C-44DD8A45256E}.Release|Any CPU.Build.0 = Release|Any CPU
		{99D7F6B3-F541-F246-8DA0-45114A625518}.Debug|Any CPU.ActiveCfg = Debug|Any CPU
		{99D7F6B3-F541-F246-8DA0-45114A625518}.Debug|Any CPU.Build.0 = Debug|Any CPU
		{99D7F6B3-F541-F246-8DA0-45114A625518}.Release|Any CPU.ActiveCfg = Release|Any CPU
		{99D7F6B3-F541-F246-8DA0-45114A625518}.Release|Any CPU.Build.0 = Release|Any CPU
		{BDA51047-421B-16DC-E603-A83D6C993496}.Debug|Any CPU.ActiveCfg = Debug|Any CPU
		{BDA51047-421B-16DC-E603-A83D6C993496}.Debug|Any CPU.Build.0 = Debug|Any CPU
		{BDA51047-421B-16DC-E603-A83D6C993496}.Release|Any CPU.ActiveCfg = Release|Any CPU
		{BDA51047-421B-16DC-E603-A83D6C993496}.Release|Any CPU.Build.0 = Release|Any CPU
		{B399BB97-5A5A-23BA-CEBC-CE6583B9388C}.Debug|Any CPU.ActiveCfg = Debug|Any CPU
		{B399BB97-5A5A-23BA-CEBC-CE6583B9388C}.Debug|Any CPU.Build.0 = Debug|Any CPU
		{B399BB97-5A5A-23BA-CEBC-CE6583B9388C}.Release|Any CPU.ActiveCfg = Release|Any CPU
		{B399BB97-5A5A-23BA-CEBC-CE6583B9388C}.Release|Any CPU.Build.0 = Release|Any CPU
		{BB9C074D-000D-16E2-D466-507E38B2AE82}.Debug|Any CPU.ActiveCfg = Debug|Any CPU
		{BB9C074D-000D-16E2-D466-507E38B2AE82}.Debug|Any CPU.Build.0 = Debug|Any CPU
		{BB9C074D-000D-16E2-D466-507E38B2AE82}.Release|Any CPU.ActiveCfg = Release|Any CPU
		{BB9C074D-000D-16E2-D466-507E38B2AE82}.Release|Any CPU.Build.0 = Release|Any CPU
		{7E61FAA0-9E74-B4C2-B94B-06A90E8B3D23}.Debug|Any CPU.ActiveCfg = Debug|Any CPU
		{7E61FAA0-9E74-B4C2-B94B-06A90E8B3D23}.Debug|Any CPU.Build.0 = Debug|Any CPU
		{7E61FAA0-9E74-B4C2-B94B-06A90E8B3D23}.Release|Any CPU.ActiveCfg = Release|Any CPU
		{7E61FAA0-9E74-B4C2-B94B-06A90E8B3D23}.Release|Any CPU.Build.0 = Release|Any CPU
		{FA9232C3-847C-1EE6-76DE-CB7C1987D216}.Debug|Any CPU.ActiveCfg = Debug|Any CPU
		{FA9232C3-847C-1EE6-76DE-CB7C1987D216}.Debug|Any CPU.Build.0 = Debug|Any CPU
		{FA9232C3-847C-1EE6-76DE-CB7C1987D216}.Release|Any CPU.ActiveCfg = Release|Any CPU
		{FA9232C3-847C-1EE6-76DE-CB7C1987D216}.Release|Any CPU.Build.0 = Release|Any CPU
		{D244A914-CB91-3C00-1D77-B42AE342A52F}.Debug|Any CPU.ActiveCfg = Debug|Any CPU
		{D244A914-CB91-3C00-1D77-B42AE342A52F}.Debug|Any CPU.Build.0 = Debug|Any CPU
		{D244A914-CB91-3C00-1D77-B42AE342A52F}.Release|Any CPU.ActiveCfg = Release|Any CPU
		{D244A914-CB91-3C00-1D77-B42AE342A52F}.Release|Any CPU.Build.0 = Release|Any CPU
		{D4B3D01E-1E6A-F5CB-31A9-CFAA303CFDB0}.Debug|Any CPU.ActiveCfg = Debug|Any CPU
		{D4B3D01E-1E6A-F5CB-31A9-CFAA303CFDB0}.Debug|Any CPU.Build.0 = Debug|Any CPU
		{D4B3D01E-1E6A-F5CB-31A9-CFAA303CFDB0}.Release|Any CPU.ActiveCfg = Release|Any CPU
		{D4B3D01E-1E6A-F5CB-31A9-CFAA303CFDB0}.Release|Any CPU.Build.0 = Release|Any CPU
		{42CFD375-6355-DF7E-601D-0D5F3014758D}.Debug|Any CPU.ActiveCfg = Debug|Any CPU
		{42CFD375-6355-DF7E-601D-0D5F3014758D}.Debug|Any CPU.Build.0 = Debug|Any CPU
		{42CFD375-6355-DF7E-601D-0D5F3014758D}.Release|Any CPU.ActiveCfg = Release|Any CPU
		{42CFD375-6355-DF7E-601D-0D5F3014758D}.Release|Any CPU.Build.0 = Release|Any CPU
		{0AC4AF92-A768-DFC1-20C7-A40CF17C2616}.Debug|Any CPU.ActiveCfg = Debug|Any CPU
		{0AC4AF92-A768-DFC1-20C7-A40CF17C2616}.Debug|Any CPU.Build.0 = Debug|Any CPU
		{0AC4AF92-A768-DFC1-20C7-A40CF17C2616}.Release|Any CPU.ActiveCfg = Release|Any CPU
		{0AC4AF92-A768-DFC1-20C7-A40CF17C2616}.Release|Any CPU.Build.0 = Release|Any CPU
		{CA43DCEB-AF0D-0A70-92D0-1C93B24DF1AB}.Debug|Any CPU.ActiveCfg = Debug|Any CPU
		{CA43DCEB-AF0D-0A70-92D0-1C93B24DF1AB}.Debug|Any CPU.Build.0 = Debug|Any CPU
		{CA43DCEB-AF0D-0A70-92D0-1C93B24DF1AB}.Release|Any CPU.ActiveCfg = Release|Any CPU
		{CA43DCEB-AF0D-0A70-92D0-1C93B24DF1AB}.Release|Any CPU.Build.0 = Release|Any CPU
		{4F7ED17F-9229-342F-7384-2BE02B544706}.Debug|Any CPU.ActiveCfg = Debug|Any CPU
		{4F7ED17F-9229-342F-7384-2BE02B544706}.Debug|Any CPU.Build.0 = Debug|Any CPU
		{4F7ED17F-9229-342F-7384-2BE02B544706}.Release|Any CPU.ActiveCfg = Release|Any CPU
		{4F7ED17F-9229-342F-7384-2BE02B544706}.Release|Any CPU.Build.0 = Release|Any CPU
		{EB9489A6-EF0D-EE9E-E5CE-08D1FD6C873C}.Debug|Any CPU.ActiveCfg = Debug|Any CPU
		{EB9489A6-EF0D-EE9E-E5CE-08D1FD6C873C}.Debug|Any CPU.Build.0 = Debug|Any CPU
		{EB9489A6-EF0D-EE9E-E5CE-08D1FD6C873C}.Release|Any CPU.ActiveCfg = Release|Any CPU
		{EB9489A6-EF0D-EE9E-E5CE-08D1FD6C873C}.Release|Any CPU.Build.0 = Release|Any CPU
		{E988F606-6902-A799-5278-AC2569B32A25}.Debug|Any CPU.ActiveCfg = Debug|Any CPU
		{E988F606-6902-A799-5278-AC2569B32A25}.Debug|Any CPU.Build.0 = Debug|Any CPU
		{E988F606-6902-A799-5278-AC2569B32A25}.Release|Any CPU.ActiveCfg = Release|Any CPU
		{E988F606-6902-A799-5278-AC2569B32A25}.Release|Any CPU.Build.0 = Release|Any CPU
		{317A8986-7174-4D23-C2FF-D94D426CD3B4}.Debug|Any CPU.ActiveCfg = Debug|Any CPU
		{317A8986-7174-4D23-C2FF-D94D426CD3B4}.Debug|Any CPU.Build.0 = Debug|Any CPU
		{317A8986-7174-4D23-C2FF-D94D426CD3B4}.Release|Any CPU.ActiveCfg = Release|Any CPU
		{317A8986-7174-4D23-C2FF-D94D426CD3B4}.Release|Any CPU.Build.0 = Release|Any CPU
		{3E487C37-120B-0AC8-8341-6E38BE6339E5}.Debug|Any CPU.ActiveCfg = Debug|Any CPU
		{3E487C37-120B-0AC8-8341-6E38BE6339E5}.Debug|Any CPU.Build.0 = Debug|Any CPU
		{3E487C37-120B-0AC8-8341-6E38BE6339E5}.Release|Any CPU.ActiveCfg = Release|Any CPU
		{3E487C37-120B-0AC8-8341-6E38BE6339E5}.Release|Any CPU.Build.0 = Release|Any CPU
		{243B0B15-EABA-D1F8-5B2A-8FB591156861}.Debug|Any CPU.ActiveCfg = Debug|Any CPU
		{243B0B15-EABA-D1F8-5B2A-8FB591156861}.Debug|Any CPU.Build.0 = Debug|Any CPU
		{243B0B15-EABA-D1F8-5B2A-8FB591156861}.Release|Any CPU.ActiveCfg = Release|Any CPU
		{243B0B15-EABA-D1F8-5B2A-8FB591156861}.Release|Any CPU.Build.0 = Release|Any CPU
		{923BD611-605A-7F49-C1E6-BD184070052C}.Debug|Any CPU.ActiveCfg = Debug|Any CPU
		{923BD611-605A-7F49-C1E6-BD184070052C}.Debug|Any CPU.Build.0 = Debug|Any CPU
		{923BD611-605A-7F49-C1E6-BD184070052C}.Release|Any CPU.ActiveCfg = Release|Any CPU
		{923BD611-605A-7F49-C1E6-BD184070052C}.Release|Any CPU.Build.0 = Release|Any CPU
		{A9AC8EF3-8AE0-5998-BF04-BC57CB25CBC2}.Debug|Any CPU.ActiveCfg = Debug|Any CPU
		{A9AC8EF3-8AE0-5998-BF04-BC57CB25CBC2}.Debug|Any CPU.Build.0 = Debug|Any CPU
		{A9AC8EF3-8AE0-5998-BF04-BC57CB25CBC2}.Release|Any CPU.ActiveCfg = Release|Any CPU
		{A9AC8EF3-8AE0-5998-BF04-BC57CB25CBC2}.Release|Any CPU.Build.0 = Release|Any CPU
		{A53AEA8B-707C-1B3E-8267-AC5D5E8E71AF}.Debug|Any CPU.ActiveCfg = Debug|Any CPU
		{A53AEA8B-707C-1B3E-8267-AC5D5E8E71AF}.Debug|Any CPU.Build.0 = Debug|Any CPU
		{A53AEA8B-707C-1B3E-8267-AC5D5E8E71AF}.Release|Any CPU.ActiveCfg = Release|Any CPU
		{A53AEA8B-707C-1B3E-8267-AC5D5E8E71AF}.Release|Any CPU.Build.0 = Release|Any CPU
		{DCA002A9-F099-E50C-C140-AC10D3C87D1C}.Debug|Any CPU.ActiveCfg = Debug|Any CPU
		{DCA002A9-F099-E50C-C140-AC10D3C87D1C}.Debug|Any CPU.Build.0 = Debug|Any CPU
		{DCA002A9-F099-E50C-C140-AC10D3C87D1C}.Release|Any CPU.ActiveCfg = Release|Any CPU
		{DCA002A9-F099-E50C-C140-AC10D3C87D1C}.Release|Any CPU.Build.0 = Release|Any CPU
		{73A1F029-5078-800D-7E02-C8389960E4FC}.Debug|Any CPU.ActiveCfg = Debug|Any CPU
		{73A1F029-5078-800D-7E02-C8389960E4FC}.Debug|Any CPU.Build.0 = Debug|Any CPU
		{73A1F029-5078-800D-7E02-C8389960E4FC}.Release|Any CPU.ActiveCfg = Release|Any CPU
		{73A1F029-5078-800D-7E02-C8389960E4FC}.Release|Any CPU.Build.0 = Release|Any CPU
		{CEEE10A7-8794-D644-C71A-C5092A871AD8}.Debug|Any CPU.ActiveCfg = Debug|Any CPU
		{CEEE10A7-8794-D644-C71A-C5092A871AD8}.Debug|Any CPU.Build.0 = Debug|Any CPU
		{CEEE10A7-8794-D644-C71A-C5092A871AD8}.Release|Any CPU.ActiveCfg = Release|Any CPU
		{CEEE10A7-8794-D644-C71A-C5092A871AD8}.Release|Any CPU.Build.0 = Release|Any CPU
		{C66E7430-41BA-D532-4CDC-943312144922}.Debug|Any CPU.ActiveCfg = Debug|Any CPU
		{C66E7430-41BA-D532-4CDC-943312144922}.Debug|Any CPU.Build.0 = Debug|Any CPU
		{C66E7430-41BA-D532-4CDC-943312144922}.Release|Any CPU.ActiveCfg = Release|Any CPU
		{C66E7430-41BA-D532-4CDC-943312144922}.Release|Any CPU.Build.0 = Release|Any CPU
		{ED3A1161-0269-9F85-C2AE-85B619F5E8DF}.Debug|Any CPU.ActiveCfg = Debug|Any CPU
		{ED3A1161-0269-9F85-C2AE-85B619F5E8DF}.Debug|Any CPU.Build.0 = Debug|Any CPU
		{ED3A1161-0269-9F85-C2AE-85B619F5E8DF}.Release|Any CPU.ActiveCfg = Release|Any CPU
		{ED3A1161-0269-9F85-C2AE-85B619F5E8DF}.Release|Any CPU.Build.0 = Release|Any CPU
		{CF88DD47-D08D-7CE1-3316-D707A9BCAFED}.Debug|Any CPU.ActiveCfg = Debug|Any CPU
		{CF88DD47-D08D-7CE1-3316-D707A9BCAFED}.Debug|Any CPU.Build.0 = Debug|Any CPU
		{CF88DD47-D08D-7CE1-3316-D707A9BCAFED}.Release|Any CPU.ActiveCfg = Release|Any CPU
		{CF88DD47-D08D-7CE1-3316-D707A9BCAFED}.Release|Any CPU.Build.0 = Release|Any CPU
		{C6050A6B-33E8-A3A6-08BB-7D25AE7782BF}.Debug|Any CPU.ActiveCfg = Debug|Any CPU
		{C6050A6B-33E8-A3A6-08BB-7D25AE7782BF}.Debug|Any CPU.Build.0 = Debug|Any CPU
		{C6050A6B-33E8-A3A6-08BB-7D25AE7782BF}.Release|Any CPU.ActiveCfg = Release|Any CPU
		{C6050A6B-33E8-A3A6-08BB-7D25AE7782BF}.Release|Any CPU.Build.0 = Release|Any CPU
		{24672424-B99F-3B47-AA2D-3D901DA039E6}.Debug|Any CPU.ActiveCfg = Debug|Any CPU
		{24672424-B99F-3B47-AA2D-3D901DA039E6}.Debug|Any CPU.Build.0 = Debug|Any CPU
		{24672424-B99F-3B47-AA2D-3D901DA039E6}.Release|Any CPU.ActiveCfg = Release|Any CPU
		{24672424-B99F-3B47-AA2D-3D901DA039E6}.Release|Any CPU.Build.0 = Release|Any CPU
		{2423313A-8E56-A7A4-DC3A-DDF9242D81E1}.Debug|Any CPU.ActiveCfg = Debug|Any CPU
		{2423313A-8E56-A7A4-DC3A-DDF9242D81E1}.Debug|Any CPU.Build.0 = Debug|Any CPU
		{2423313A-8E56-A7A4-DC3A-DDF9242D81E1}.Release|Any CPU.ActiveCfg = Release|Any CPU
		{2423313A-8E56-A7A4-DC3A-DDF9242D81E1}.Release|Any CPU.Build.0 = Release|Any CPU
		{3AC40A83-AD67-B728-08BD-14B605504DCA}.Debug|Any CPU.ActiveCfg = Debug|Any CPU
		{3AC40A83-AD67-B728-08BD-14B605504DCA}.Debug|Any CPU.Build.0 = Debug|Any CPU
		{3AC40A83-AD67-B728-08BD-14B605504DCA}.Release|Any CPU.ActiveCfg = Release|Any CPU
		{3AC40A83-AD67-B728-08BD-14B605504DCA}.Release|Any CPU.Build.0 = Release|Any CPU
		{D816E961-493C-9DDE-1F53-21AEF9833968}.Debug|Any CPU.ActiveCfg = Debug|Any CPU
		{D816E961-493C-9DDE-1F53-21AEF9833968}.Debug|Any CPU.Build.0 = Debug|Any CPU
		{D816E961-493C-9DDE-1F53-21AEF9833968}.Release|Any CPU.ActiveCfg = Release|Any CPU
		{D816E961-493C-9DDE-1F53-21AEF9833968}.Release|Any CPU.Build.0 = Release|Any CPU
		{6C0EF100-911B-A8A1-4870-C91C5F62BB79}.Debug|Any CPU.ActiveCfg = Debug|Any CPU
		{6C0EF100-911B-A8A1-4870-C91C5F62BB79}.Debug|Any CPU.Build.0 = Debug|Any CPU
		{6C0EF100-911B-A8A1-4870-C91C5F62BB79}.Release|Any CPU.ActiveCfg = Release|Any CPU
		{6C0EF100-911B-A8A1-4870-C91C5F62BB79}.Release|Any CPU.Build.0 = Release|Any CPU
		{9AF45AB6-F3CF-3A6D-D541-9F17F8F94942}.Debug|Any CPU.ActiveCfg = Debug|Any CPU
		{9AF45AB6-F3CF-3A6D-D541-9F17F8F94942}.Debug|Any CPU.Build.0 = Debug|Any CPU
		{9AF45AB6-F3CF-3A6D-D541-9F17F8F94942}.Release|Any CPU.ActiveCfg = Release|Any CPU
		{9AF45AB6-F3CF-3A6D-D541-9F17F8F94942}.Release|Any CPU.Build.0 = Release|Any CPU
		{3B0207AD-0869-5630-560A-C1A9CBC27956}.Debug|Any CPU.ActiveCfg = Debug|Any CPU
		{3B0207AD-0869-5630-560A-C1A9CBC27956}.Debug|Any CPU.Build.0 = Debug|Any CPU
		{3B0207AD-0869-5630-560A-C1A9CBC27956}.Release|Any CPU.ActiveCfg = Release|Any CPU
		{3B0207AD-0869-5630-560A-C1A9CBC27956}.Release|Any CPU.Build.0 = Release|Any CPU
		{83620464-9C78-356D-2969-098A50B9A1B1}.Debug|Any CPU.ActiveCfg = Debug|Any CPU
		{83620464-9C78-356D-2969-098A50B9A1B1}.Debug|Any CPU.Build.0 = Debug|Any CPU
		{83620464-9C78-356D-2969-098A50B9A1B1}.Release|Any CPU.ActiveCfg = Release|Any CPU
		{83620464-9C78-356D-2969-098A50B9A1B1}.Release|Any CPU.Build.0 = Release|Any CPU
		{F4E858B9-A240-083A-B15D-FE155D3EF6B9}.Debug|Any CPU.ActiveCfg = Debug|Any CPU
		{F4E858B9-A240-083A-B15D-FE155D3EF6B9}.Debug|Any CPU.Build.0 = Debug|Any CPU
		{F4E858B9-A240-083A-B15D-FE155D3EF6B9}.Release|Any CPU.ActiveCfg = Release|Any CPU
		{F4E858B9-A240-083A-B15D-FE155D3EF6B9}.Release|Any CPU.Build.0 = Release|Any CPU
		{37D4B480-F382-68EB-1562-57456C711A56}.Debug|Any CPU.ActiveCfg = Debug|Any CPU
		{37D4B480-F382-68EB-1562-57456C711A56}.Debug|Any CPU.Build.0 = Debug|Any CPU
		{37D4B480-F382-68EB-1562-57456C711A56}.Release|Any CPU.ActiveCfg = Release|Any CPU
		{37D4B480-F382-68EB-1562-57456C711A56}.Release|Any CPU.Build.0 = Release|Any CPU
		{CE3C6F6C-6595-8355-A43C-7362B8483BAD}.Debug|Any CPU.ActiveCfg = Debug|Any CPU
		{CE3C6F6C-6595-8355-A43C-7362B8483BAD}.Debug|Any CPU.Build.0 = Debug|Any CPU
		{CE3C6F6C-6595-8355-A43C-7362B8483BAD}.Release|Any CPU.ActiveCfg = Release|Any CPU
		{CE3C6F6C-6595-8355-A43C-7362B8483BAD}.Release|Any CPU.Build.0 = Release|Any CPU
		{54FC0BD6-FB04-4289-FCCD-6F4A2F2E4923}.Debug|Any CPU.ActiveCfg = Debug|Any CPU
		{54FC0BD6-FB04-4289-FCCD-6F4A2F2E4923}.Debug|Any CPU.Build.0 = Debug|Any CPU
		{54FC0BD6-FB04-4289-FCCD-6F4A2F2E4923}.Release|Any CPU.ActiveCfg = Release|Any CPU
		{54FC0BD6-FB04-4289-FCCD-6F4A2F2E4923}.Release|Any CPU.Build.0 = Release|Any CPU
		{3F2FFC12-BE0C-443F-465E-433194F465EB}.Debug|Any CPU.ActiveCfg = Debug|Any CPU
		{3F2FFC12-BE0C-443F-465E-433194F465EB}.Debug|Any CPU.Build.0 = Debug|Any CPU
		{3F2FFC12-BE0C-443F-465E-433194F465EB}.Release|Any CPU.ActiveCfg = Release|Any CPU
		{3F2FFC12-BE0C-443F-465E-433194F465EB}.Release|Any CPU.Build.0 = Release|Any CPU
		{56D22FB7-D738-7D01-2246-B30D2B20496B}.Debug|Any CPU.ActiveCfg = Debug|Any CPU
		{56D22FB7-D738-7D01-2246-B30D2B20496B}.Debug|Any CPU.Build.0 = Debug|Any CPU
		{56D22FB7-D738-7D01-2246-B30D2B20496B}.Release|Any CPU.ActiveCfg = Release|Any CPU
		{56D22FB7-D738-7D01-2246-B30D2B20496B}.Release|Any CPU.Build.0 = Release|Any CPU
		{2740CA56-20CC-6E44-7EA5-6C09B6F88AE5}.Debug|Any CPU.ActiveCfg = Debug|Any CPU
		{2740CA56-20CC-6E44-7EA5-6C09B6F88AE5}.Debug|Any CPU.Build.0 = Debug|Any CPU
		{2740CA56-20CC-6E44-7EA5-6C09B6F88AE5}.Release|Any CPU.ActiveCfg = Release|Any CPU
		{2740CA56-20CC-6E44-7EA5-6C09B6F88AE5}.Release|Any CPU.Build.0 = Release|Any CPU
		{444EF5BB-6E50-356F-71B1-1291401F4CC5}.Debug|Any CPU.ActiveCfg = Debug|Any CPU
		{444EF5BB-6E50-356F-71B1-1291401F4CC5}.Debug|Any CPU.Build.0 = Debug|Any CPU
		{444EF5BB-6E50-356F-71B1-1291401F4CC5}.Release|Any CPU.ActiveCfg = Release|Any CPU
		{444EF5BB-6E50-356F-71B1-1291401F4CC5}.Release|Any CPU.Build.0 = Release|Any CPU
		{67495689-C793-9D35-4A50-1FDE62792BDA}.Debug|Any CPU.ActiveCfg = Debug|Any CPU
		{67495689-C793-9D35-4A50-1FDE62792BDA}.Debug|Any CPU.Build.0 = Debug|Any CPU
		{67495689-C793-9D35-4A50-1FDE62792BDA}.Release|Any CPU.ActiveCfg = Release|Any CPU
		{67495689-C793-9D35-4A50-1FDE62792BDA}.Release|Any CPU.Build.0 = Release|Any CPU
		{39441192-23D8-720E-69EC-FC27CC3B8DF9}.Debug|Any CPU.ActiveCfg = Debug|Any CPU
		{39441192-23D8-720E-69EC-FC27CC3B8DF9}.Debug|Any CPU.Build.0 = Debug|Any CPU
		{39441192-23D8-720E-69EC-FC27CC3B8DF9}.Release|Any CPU.ActiveCfg = Release|Any CPU
		{39441192-23D8-720E-69EC-FC27CC3B8DF9}.Release|Any CPU.Build.0 = Release|Any CPU
		{DD5CD8F6-64E2-5634-5BFB-AE34775DCCFD}.Debug|Any CPU.ActiveCfg = Debug|Any CPU
		{DD5CD8F6-64E2-5634-5BFB-AE34775DCCFD}.Debug|Any CPU.Build.0 = Debug|Any CPU
		{DD5CD8F6-64E2-5634-5BFB-AE34775DCCFD}.Release|Any CPU.ActiveCfg = Release|Any CPU
		{DD5CD8F6-64E2-5634-5BFB-AE34775DCCFD}.Release|Any CPU.Build.0 = Release|Any CPU
		{8956A6F0-B156-B4E9-02D7-AFD02221D43A}.Debug|Any CPU.ActiveCfg = Debug|Any CPU
		{8956A6F0-B156-B4E9-02D7-AFD02221D43A}.Debug|Any CPU.Build.0 = Debug|Any CPU
		{8956A6F0-B156-B4E9-02D7-AFD02221D43A}.Release|Any CPU.ActiveCfg = Release|Any CPU
		{8956A6F0-B156-B4E9-02D7-AFD02221D43A}.Release|Any CPU.Build.0 = Release|Any CPU
		{33CE48AB-FD35-F8B0-99C0-C69C889FD6C8}.Debug|Any CPU.ActiveCfg = Debug|Any CPU
		{33CE48AB-FD35-F8B0-99C0-C69C889FD6C8}.Debug|Any CPU.Build.0 = Debug|Any CPU
		{33CE48AB-FD35-F8B0-99C0-C69C889FD6C8}.Release|Any CPU.ActiveCfg = Release|Any CPU
		{33CE48AB-FD35-F8B0-99C0-C69C889FD6C8}.Release|Any CPU.Build.0 = Release|Any CPU
		{050D7C00-A266-BF4A-3CDB-101F6B48D0DF}.Debug|Any CPU.ActiveCfg = Debug|Any CPU
		{050D7C00-A266-BF4A-3CDB-101F6B48D0DF}.Debug|Any CPU.Build.0 = Debug|Any CPU
		{050D7C00-A266-BF4A-3CDB-101F6B48D0DF}.Release|Any CPU.ActiveCfg = Release|Any CPU
		{050D7C00-A266-BF4A-3CDB-101F6B48D0DF}.Release|Any CPU.Build.0 = Release|Any CPU
		{EBB74C93-A09E-717B-89D9-FC41D5E5699A}.Debug|Any CPU.ActiveCfg = Debug|Any CPU
		{EBB74C93-A09E-717B-89D9-FC41D5E5699A}.Debug|Any CPU.Build.0 = Debug|Any CPU
		{EBB74C93-A09E-717B-89D9-FC41D5E5699A}.Release|Any CPU.ActiveCfg = Release|Any CPU
		{EBB74C93-A09E-717B-89D9-FC41D5E5699A}.Release|Any CPU.Build.0 = Release|Any CPU
		{A115C28A-8FBF-E88B-9356-900C601F7E75}.Debug|Any CPU.ActiveCfg = Debug|Any CPU
		{A115C28A-8FBF-E88B-9356-900C601F7E75}.Debug|Any CPU.Build.0 = Debug|Any CPU
		{A115C28A-8FBF-E88B-9356-900C601F7E75}.Release|Any CPU.ActiveCfg = Release|Any CPU
		{A115C28A-8FBF-E88B-9356-900C601F7E75}.Release|Any CPU.Build.0 = Release|Any CPU
		{BF6EFC4D-74ED-D025-0719-5713BA535621}.Debug|Any CPU.ActiveCfg = Debug|Any CPU
		{BF6EFC4D-74ED-D025-0719-5713BA535621}.Debug|Any CPU.Build.0 = Debug|Any CPU
		{BF6EFC4D-74ED-D025-0719-5713BA535621}.Release|Any CPU.ActiveCfg = Release|Any CPU
		{BF6EFC4D-74ED-D025-0719-5713BA535621}.Release|Any CPU.Build.0 = Release|Any CPU
		{02D46DB0-FA0B-A056-C8A4-A2F9327FF509}.Debug|Any CPU.ActiveCfg = Debug|Any CPU
		{02D46DB0-FA0B-A056-C8A4-A2F9327FF509}.Debug|Any CPU.Build.0 = Debug|Any CPU
		{02D46DB0-FA0B-A056-C8A4-A2F9327FF509}.Release|Any CPU.ActiveCfg = Release|Any CPU
		{02D46DB0-FA0B-A056-C8A4-A2F9327FF509}.Release|Any CPU.Build.0 = Release|Any CPU
		{B2E7F05C-C814-6D95-6AA6-49138595C783}.Debug|Any CPU.ActiveCfg = Debug|Any CPU
		{B2E7F05C-C814-6D95-6AA6-49138595C783}.Debug|Any CPU.Build.0 = Debug|Any CPU
		{B2E7F05C-C814-6D95-6AA6-49138595C783}.Release|Any CPU.ActiveCfg = Release|Any CPU
		{B2E7F05C-C814-6D95-6AA6-49138595C783}.Release|Any CPU.Build.0 = Release|Any CPU
		{379EB994-AB9C-1D8C-2D44-EF58F0E3B869}.Debug|Any CPU.ActiveCfg = Debug|Any CPU
		{379EB994-AB9C-1D8C-2D44-EF58F0E3B869}.Debug|Any CPU.Build.0 = Debug|Any CPU
		{379EB994-AB9C-1D8C-2D44-EF58F0E3B869}.Release|Any CPU.ActiveCfg = Release|Any CPU
		{379EB994-AB9C-1D8C-2D44-EF58F0E3B869}.Release|Any CPU.Build.0 = Release|Any CPU
		{ECFEDF71-63BD-7429-4F24-9FD691DB50CD}.Debug|Any CPU.ActiveCfg = Debug|Any CPU
		{ECFEDF71-63BD-7429-4F24-9FD691DB50CD}.Debug|Any CPU.Build.0 = Debug|Any CPU
		{ECFEDF71-63BD-7429-4F24-9FD691DB50CD}.Release|Any CPU.ActiveCfg = Release|Any CPU
		{ECFEDF71-63BD-7429-4F24-9FD691DB50CD}.Release|Any CPU.Build.0 = Release|Any CPU
		{1E85B23C-FCE0-C403-9B12-B1D4F5179F44}.Debug|Any CPU.ActiveCfg = Debug|Any CPU
		{1E85B23C-FCE0-C403-9B12-B1D4F5179F44}.Debug|Any CPU.Build.0 = Debug|Any CPU
		{1E85B23C-FCE0-C403-9B12-B1D4F5179F44}.Release|Any CPU.ActiveCfg = Release|Any CPU
		{1E85B23C-FCE0-C403-9B12-B1D4F5179F44}.Release|Any CPU.Build.0 = Release|Any CPU
		{2E20BA9A-344E-969D-376B-C4E31B06BA4C}.Debug|Any CPU.ActiveCfg = Debug|Any CPU
		{2E20BA9A-344E-969D-376B-C4E31B06BA4C}.Debug|Any CPU.Build.0 = Debug|Any CPU
		{2E20BA9A-344E-969D-376B-C4E31B06BA4C}.Release|Any CPU.ActiveCfg = Release|Any CPU
		{2E20BA9A-344E-969D-376B-C4E31B06BA4C}.Release|Any CPU.Build.0 = Release|Any CPU
		{A70709CB-63F9-00F2-2AB0-183924DB02A2}.Debug|Any CPU.ActiveCfg = Debug|Any CPU
		{A70709CB-63F9-00F2-2AB0-183924DB02A2}.Debug|Any CPU.Build.0 = Debug|Any CPU
		{A70709CB-63F9-00F2-2AB0-183924DB02A2}.Release|Any CPU.ActiveCfg = Release|Any CPU
		{A70709CB-63F9-00F2-2AB0-183924DB02A2}.Release|Any CPU.Build.0 = Release|Any CPU
		{D0618CAE-48E6-8E4B-F462-C3465A3144AB}.Debug|Any CPU.ActiveCfg = Debug|Any CPU
		{D0618CAE-48E6-8E4B-F462-C3465A3144AB}.Debug|Any CPU.Build.0 = Debug|Any CPU
		{D0618CAE-48E6-8E4B-F462-C3465A3144AB}.Release|Any CPU.ActiveCfg = Release|Any CPU
		{D0618CAE-48E6-8E4B-F462-C3465A3144AB}.Release|Any CPU.Build.0 = Release|Any CPU
		{9215F62F-68E8-2A64-9E68-F555CE29F2C2}.Debug|Any CPU.ActiveCfg = Debug|Any CPU
		{9215F62F-68E8-2A64-9E68-F555CE29F2C2}.Debug|Any CPU.Build.0 = Debug|Any CPU
		{9215F62F-68E8-2A64-9E68-F555CE29F2C2}.Release|Any CPU.ActiveCfg = Release|Any CPU
		{9215F62F-68E8-2A64-9E68-F555CE29F2C2}.Release|Any CPU.Build.0 = Release|Any CPU
		{6F646812-8A1D-2B21-AC88-0289BA10834D}.Debug|Any CPU.ActiveCfg = Debug|Any CPU
		{6F646812-8A1D-2B21-AC88-0289BA10834D}.Debug|Any CPU.Build.0 = Debug|Any CPU
		{6F646812-8A1D-2B21-AC88-0289BA10834D}.Release|Any CPU.ActiveCfg = Release|Any CPU
		{6F646812-8A1D-2B21-AC88-0289BA10834D}.Release|Any CPU.Build.0 = Release|Any CPU
		{E1500815-957C-8E3A-7CB2-B5A800FF0698}.Debug|Any CPU.ActiveCfg = Debug|Any CPU
		{E1500815-957C-8E3A-7CB2-B5A800FF0698}.Debug|Any CPU.Build.0 = Debug|Any CPU
		{E1500815-957C-8E3A-7CB2-B5A800FF0698}.Release|Any CPU.ActiveCfg = Release|Any CPU
		{E1500815-957C-8E3A-7CB2-B5A800FF0698}.Release|Any CPU.Build.0 = Release|Any CPU
	EndGlobalSection
	GlobalSection(SolutionProperties) = preSolution
		HideSolutionNode = FALSE
	EndGlobalSection
EndGlobal
